// !$*UTF8*$!
{
	archiveVersion = 1;
	classes = {
	};
	objectVersion = 46;
	objects = {

/* Begin PBXBuildFile section */
		638A6C2C2169489E00E7282B /* AppDelegate.swift in Sources */ = {isa = PBXBuildFile; fileRef = 638A6C2B2169489E00E7282B /* AppDelegate.swift */; };
		638A6C2E2169489E00E7282B /* ViewController.swift in Sources */ = {isa = PBXBuildFile; fileRef = 638A6C2D2169489E00E7282B /* ViewController.swift */; };
		638A6C312169489E00E7282B /* Main.storyboard in Resources */ = {isa = PBXBuildFile; fileRef = 638A6C2F2169489E00E7282B /* Main.storyboard */; };
		638A6C332169489E00E7282B /* Assets.xcassets in Resources */ = {isa = PBXBuildFile; fileRef = 638A6C322169489E00E7282B /* Assets.xcassets */; };
		638A6C362169489E00E7282B /* LaunchScreen.storyboard in Resources */ = {isa = PBXBuildFile; fileRef = 638A6C342169489E00E7282B /* LaunchScreen.storyboard */; };
/* End PBXBuildFile section */

/* Begin PBXFileReference section */
		638A6C282169489E00E7282B /* bunnyInc.app */ = {isa = PBXFileReference; explicitFileType = wrapper.application; includeInIndex = 0; path = bunnyInc.app; sourceTree = BUILT_PRODUCTS_DIR; };
		638A6C2B2169489E00E7282B /* AppDelegate.swift */ = {isa = PBXFileReference; lastKnownFileType = sourcecode.swift; path = AppDelegate.swift; sourceTree = "<group>"; };
		638A6C2D2169489E00E7282B /* ViewController.swift */ = {isa = PBXFileReference; lastKnownFileType = sourcecode.swift; path = ViewController.swift; sourceTree = "<group>"; };
		638A6C302169489E00E7282B /* Base */ = {isa = PBXFileReference; lastKnownFileType = file.storyboard; name = Base; path = Base.lproj/Main.storyboard; sourceTree = "<group>"; };
		638A6C322169489E00E7282B /* Assets.xcassets */ = {isa = PBXFileReference; lastKnownFileType = folder.assetcatalog; path = Assets.xcassets; sourceTree = "<group>"; };
		638A6C352169489E00E7282B /* Base */ = {isa = PBXFileReference; lastKnownFileType = file.storyboard; name = Base; path = Base.lproj/LaunchScreen.storyboard; sourceTree = "<group>"; };
		638A6C372169489E00E7282B /* Info.plist */ = {isa = PBXFileReference; lastKnownFileType = text.plist.xml; path = Info.plist; sourceTree = "<group>"; };
/* End PBXFileReference section */

/* Begin PBXFrameworksBuildPhase section */
		638A6C252169489E00E7282B /* Frameworks */ = {
			isa = PBXFrameworksBuildPhase;
			buildActionMask = 2147483647;
			files = (
			);
			runOnlyForDeploymentPostprocessing = 0;
		};
/* End PBXFrameworksBuildPhase section */

/* Begin PBXGroup section */
		638A6C1F2169489E00E7282B = {
			isa = PBXGroup;
			children = (
				638A6C2A2169489E00E7282B /* bunnyInc */,
				638A6C292169489E00E7282B /* Products */,
			);
			sourceTree = "<group>";
		};
		638A6C292169489E00E7282B /* Products */ = {
			isa = PBXGroup;
			children = (
				638A6C282169489E00E7282B /* bunnyInc.app */,
			);
			name = Products;
			sourceTree = "<group>";
		};
		638A6C2A2169489E00E7282B /* bunnyInc */ = {
			isa = PBXGroup;
			children = (
				638A6C2B2169489E00E7282B /* AppDelegate.swift */,
				638A6C2D2169489E00E7282B /* ViewController.swift */,
				638A6C2F2169489E00E7282B /* Main.storyboard */,
				638A6C322169489E00E7282B /* Assets.xcassets */,
				638A6C342169489E00E7282B /* LaunchScreen.storyboard */,
				638A6C372169489E00E7282B /* Info.plist */,
			);
			path = bunnyInc;
			sourceTree = "<group>";
		};
/* End PBXGroup section */

/* Begin PBXNativeTarget section */
		638A6C272169489E00E7282B /* bunnyInc */ = {
			isa = PBXNativeTarget;
			buildConfigurationList = 638A6C3A2169489E00E7282B /* Build configuration list for PBXNativeTarget "bunnyInc" */;
			buildPhases = (
				638A6C242169489E00E7282B /* Sources */,
				638A6C252169489E00E7282B /* Frameworks */,
				638A6C262169489E00E7282B /* Resources */,
			);
			buildRules = (
			);
			dependencies = (
			);
			name = bunnyInc;
			productName = bunnyInc;
			productReference = 638A6C282169489E00E7282B /* bunnyInc.app */;
			productType = "com.apple.product-type.application";
		};
/* End PBXNativeTarget section */

/* Begin PBXProject section */
		638A6C202169489E00E7282B /* Project object */ = {
			isa = PBXProject;
			attributes = {
				LastSwiftUpdateCheck = 0820;
				LastUpgradeCheck = 0820;
				ORGANIZATIONNAME = "Christian Ernesto Chavarría Méndez";
				TargetAttributes = {
					638A6C272169489E00E7282B = {
						CreatedOnToolsVersion = 8.2.1;
						DevelopmentTeam = 9B7CM7DU6Z;
						ProvisioningStyle = Automatic;
					};
				};
			};
			buildConfigurationList = 638A6C232169489E00E7282B /* Build configuration list for PBXProject "bunnyInc" */;
			compatibilityVersion = "Xcode 3.2";
			developmentRegion = English;
			hasScannedForEncodings = 0;
			knownRegions = (
				en,
				Base,
			);
			mainGroup = 638A6C1F2169489E00E7282B;
			productRefGroup = 638A6C292169489E00E7282B /* Products */;
			projectDirPath = "";
			projectRoot = "";
			targets = (
				638A6C272169489E00E7282B /* bunnyInc */,
			);
		};
/* End PBXProject section */

/* Begin PBXResourcesBuildPhase section */
		638A6C262169489E00E7282B /* Resources */ = {
			isa = PBXResourcesBuildPhase;
			buildActionMask = 2147483647;
			files = (
				638A6C362169489E00E7282B /* LaunchScreen.storyboard in Resources */,
				638A6C332169489E00E7282B /* Assets.xcassets in Resources */,
				638A6C312169489E00E7282B /* Main.storyboard in Resources */,
			);
			runOnlyForDeploymentPostprocessing = 0;
		};
/* End PBXResourcesBuildPhase section */

/* Begin PBXSourcesBuildPhase section */
		638A6C242169489E00E7282B /* Sources */ = {
			isa = PBXSourcesBuildPhase;
			buildActionMask = 2147483647;
			files = (
				638A6C2E2169489E00E7282B /* ViewController.swift in Sources */,
				638A6C2C2169489E00E7282B /* AppDelegate.swift in Sources */,
			);
			runOnlyForDeploymentPostprocessing = 0;
		};
/* End PBXSourcesBuildPhase section */

/* Begin PBXVariantGroup section */
		638A6C2F2169489E00E7282B /* Main.storyboard */ = {
			isa = PBXVariantGroup;
			children = (
				638A6C302169489E00E7282B /* Base */,
			);
			name = Main.storyboard;
			sourceTree = "<group>";
		};
		638A6C342169489E00E7282B /* LaunchScreen.storyboard */ = {
			isa = PBXVariantGroup;
			children = (
				638A6C352169489E00E7282B /* Base */,
			);
			name = LaunchScreen.storyboard;
			sourceTree = "<group>";
		};
/* End PBXVariantGroup section */

/* Begin XCBuildConfiguration section */
		638A6C382169489E00E7282B /* Debug */ = {
			isa = XCBuildConfiguration;
			buildSettings = {
				ALWAYS_SEARCH_USER_PATHS = NO;
				CLANG_ANALYZER_NONNULL = YES;
				CLANG_CXX_LANGUAGE_STANDARD = "gnu++0x";
				CLANG_CXX_LIBRARY = "libc++";
				CLANG_ENABLE_MODULES = YES;
				CLANG_ENABLE_OBJC_ARC = YES;
				CLANG_WARN_BOOL_CONVERSION = YES;
				CLANG_WARN_CONSTANT_CONVERSION = YES;
				CLANG_WARN_DIRECT_OBJC_ISA_USAGE = YES_ERROR;
				CLANG_WARN_DOCUMENTATION_COMMENTS = YES;
				CLANG_WARN_EMPTY_BODY = YES;
				CLANG_WARN_ENUM_CONVERSION = YES;
				CLANG_WARN_INFINITE_RECURSION = YES;
				CLANG_WARN_INT_CONVERSION = YES;
				CLANG_WARN_OBJC_ROOT_CLASS = YES_ERROR;
				CLANG_WARN_SUSPICIOUS_MOVE = YES;
				CLANG_WARN_UNREACHABLE_CODE = YES;
				CLANG_WARN__DUPLICATE_METHOD_MATCH = YES;
				"CODE_SIGN_IDENTITY[sdk=iphoneos*]" = "iPhone Developer";
				COPY_PHASE_STRIP = NO;
				DEBUG_INFORMATION_FORMAT = dwarf;
				ENABLE_STRICT_OBJC_MSGSEND = YES;
				ENABLE_TESTABILITY = YES;
				GCC_C_LANGUAGE_STANDARD = gnu99;
				GCC_DYNAMIC_NO_PIC = NO;
				GCC_NO_COMMON_BLOCKS = YES;
				GCC_OPTIMIZATION_LEVEL = 0;
				GCC_PREPROCESSOR_DEFINITIONS = (
					"DEBUG=1",
					"$(inherited)",
				);
				GCC_WARN_64_TO_32_BIT_CONVERSION = YES;
				GCC_WARN_ABOUT_RETURN_TYPE = YES_ERROR;
				GCC_WARN_UNDECLARED_SELECTOR = YES;
				GCC_WARN_UNINITIALIZED_AUTOS = YES_AGGRESSIVE;
				GCC_WARN_UNUSED_FUNCTION = YES;
				GCC_WARN_UNUSED_VARIABLE = YES;
				IPHONEOS_DEPLOYMENT_TARGET = 10.2;
				MTL_ENABLE_DEBUG_INFO = YES;
				ONLY_ACTIVE_ARCH = YES;
				SDKROOT = iphoneos;
				SWIFT_ACTIVE_COMPILATION_CONDITIONS = DEBUG;
				SWIFT_OPTIMIZATION_LEVEL = "-Onone";
			};
			name = Debug;
		};
		638A6C392169489E00E7282B /* Release */ = {
			isa = XCBuildConfiguration;
			buildSettings = {
				ALWAYS_SEARCH_USER_PATHS = NO;
				CLANG_ANALYZER_NONNULL = YES;
				CLANG_CXX_LANGUAGE_STANDARD = "gnu++0x";
				CLANG_CXX_LIBRARY = "libc++";
				CLANG_ENABLE_MODULES = YES;
				CLANG_ENABLE_OBJC_ARC = YES;
				CLANG_WARN_BOOL_CONVERSION = YES;
				CLANG_WARN_CONSTANT_CONVERSION = YES;
				CLANG_WARN_DIRECT_OBJC_ISA_USAGE = YES_ERROR;
				CLANG_WARN_DOCUMENTATION_COMMENTS = YES;
				CLANG_WARN_EMPTY_BODY = YES;
				CLANG_WARN_ENUM_CONVERSION = YES;
				CLANG_WARN_INFINITE_RECURSION = YES;
				CLANG_WARN_INT_CONVERSION = YES;
				CLANG_WARN_OBJC_ROOT_CLASS = YES_ERROR;
				CLANG_WARN_SUSPICIOUS_MOVE = YES;
				CLANG_WARN_UNREACHABLE_CODE = YES;
				CLANG_WARN__DUPLICATE_METHOD_MATCH = YES;
				"CODE_SIGN_IDENTITY[sdk=iphoneos*]" = "iPhone Developer";
				COPY_PHASE_STRIP = NO;
				DEBUG_INFORMATION_FORMAT = "dwarf-with-dsym";
				ENABLE_NS_ASSERTIONS = NO;
				ENABLE_STRICT_OBJC_MSGSEND = YES;
				GCC_C_LANGUAGE_STANDARD = gnu99;
				GCC_NO_COMMON_BLOCKS = YES;
				GCC_WARN_64_TO_32_BIT_CONVERSION = YES;
				GCC_WARN_ABOUT_RETURN_TYPE = YES_ERROR;
				GCC_WARN_UNDECLARED_SELECTOR = YES;
				GCC_WARN_UNINITIALIZED_AUTOS = YES_AGGRESSIVE;
				GCC_WARN_UNUSED_FUNCTION = YES;
				GCC_WARN_UNUSED_VARIABLE = YES;
				IPHONEOS_DEPLOYMENT_TARGET = 10.2;
				MTL_ENABLE_DEBUG_INFO = NO;
				SDKROOT = iphoneos;
				SWIFT_OPTIMIZATION_LEVEL = "-Owholemodule";
				VALIDATE_PRODUCT = YES;
			};
			name = Release;
		};
		638A6C3B2169489E00E7282B /* Debug */ = {
			isa = XCBuildConfiguration;
			buildSettings = {
				ASSETCATALOG_COMPILER_APPICON_NAME = AppIcon;
				DEVELOPMENT_TEAM = 9B7CM7DU6Z;
				INFOPLIST_FILE = bunnyInc/Info.plist;
				LD_RUNPATH_SEARCH_PATHS = "$(inherited) @executable_path/Frameworks";
				PRODUCT_BUNDLE_IDENTIFIER = com.christianchavarria.bunnyInc;
				PRODUCT_NAME = "$(TARGET_NAME)";
				SWIFT_VERSION = 3.0;
			};
			name = Debug;
		};
		638A6C3C2169489E00E7282B /* Release */ = {
			isa = XCBuildConfiguration;
			buildSettings = {
				ASSETCATALOG_COMPILER_APPICON_NAME = AppIcon;
				DEVELOPMENT_TEAM = 9B7CM7DU6Z;
				INFOPLIST_FILE = bunnyInc/Info.plist;
				LD_RUNPATH_SEARCH_PATHS = "$(inherited) @executable_path/Frameworks";
				PRODUCT_BUNDLE_IDENTIFIER = com.christianchavarria.bunnyInc;
				PRODUCT_NAME = "$(TARGET_NAME)";
				SWIFT_VERSION = 3.0;
			};
			name = Release;
		};
/* End XCBuildConfiguration section */

/* Begin XCConfigurationList section */
		638A6C232169489E00E7282B /* Build configuration list for PBXProject "bunnyInc" */ = {
			isa = XCConfigurationList;
			buildConfigurations = (
				638A6C382169489E00E7282B /* Debug */,
				638A6C392169489E00E7282B /* Release */,
			);
			defaultConfigurationIsVisible = 0;
			defaultConfigurationName = Release;
		};
		638A6C3A2169489E00E7282B /* Build configuration list for PBXNativeTarget "bunnyInc" */ = {
			isa = XCConfigurationList;
			buildConfigurations = (
				638A6C3B2169489E00E7282B /* Debug */,
				638A6C3C2169489E00E7282B /* Release */,
			);
			defaultConfigurationIsVisible = 0;
		};
/* End XCConfigurationList section */
	};
	rootObject = 638A6C202169489E00E7282B /* Project object */;
}
